// !$*UTF8*$!
{
	archiveVersion = 1;
	classes = {
	};
	objectVersion = 46;
	objects = {

/* Begin PBXBuildFile section */
		50982FD91CCA2F070038AAAB /* Frame.js in Resources */ = {isa = PBXBuildFile; fileRef = 50982FD81CCA2F070038AAAB /* Frame.js */; };
		50982FDC1CCA41BD0038AAAB /* Calculate.js in Resources */ = {isa = PBXBuildFile; fileRef = 50982FDA1CCA41BD0038AAAB /* Calculate.js */; };
		50982FDD1CCA41BD0038AAAB /* RelativeEnum.js in Resources */ = {isa = PBXBuildFile; fileRef = 50982FDB1CCA41BD0038AAAB /* RelativeEnum.js */; };
		50B4A8701CB93AB10045A383 /* main.m in Sources */ = {isa = PBXBuildFile; fileRef = 50B4A86F1CB93AB10045A383 /* main.m */; };
		50B4A8731CB93AB10045A383 /* AppDelegate.m in Sources */ = {isa = PBXBuildFile; fileRef = 50B4A8721CB93AB10045A383 /* AppDelegate.m */; };
		50B4A8761CB93AB10045A383 /* ViewController.m in Sources */ = {isa = PBXBuildFile; fileRef = 50B4A8751CB93AB10045A383 /* ViewController.m */; };
		50B4A8791CB93AB10045A383 /* Main.storyboard in Resources */ = {isa = PBXBuildFile; fileRef = 50B4A8771CB93AB10045A383 /* Main.storyboard */; };
		50B4A87B1CB93AB10045A383 /* Assets.xcassets in Resources */ = {isa = PBXBuildFile; fileRef = 50B4A87A1CB93AB10045A383 /* Assets.xcassets */; };
		50B4A87E1CB93AB10045A383 /* LaunchScreen.storyboard in Resources */ = {isa = PBXBuildFile; fileRef = 50B4A87C1CB93AB10045A383 /* LaunchScreen.storyboard */; };
		50B4A8871CB93AD60045A383 /* SNJSBridge.m in Sources */ = {isa = PBXBuildFile; fileRef = 50B4A8861CB93AD60045A383 /* SNJSBridge.m */; };
		50B4A88C1CB960F60045A383 /* SNJSFileManager.m in Sources */ = {isa = PBXBuildFile; fileRef = 50B4A88B1CB960F60045A383 /* SNJSFileManager.m */; };
		50DDB47D1CBB42AC005AE264 /* SNJSFiller.m in Sources */ = {isa = PBXBuildFile; fileRef = 50DDB47C1CBB42AC005AE264 /* SNJSFiller.m */; };
		50DDB4801CBB4558005AE264 /* SNJSCommonFiller.m in Sources */ = {isa = PBXBuildFile; fileRef = 50DDB47F1CBB4558005AE264 /* SNJSCommonFiller.m */; };
		50DDB4831CBB488B005AE264 /* SNJSBridgePool.m in Sources */ = {isa = PBXBuildFile; fileRef = 50DDB4821CBB488B005AE264 /* SNJSBridgePool.m */; };
		50DDB4861CBB48CF005AE264 /* SNJSCoreFiller.m in Sources */ = {isa = PBXBuildFile; fileRef = 50DDB4851CBB48CF005AE264 /* SNJSCoreFiller.m */; };
/* End PBXBuildFile section */

/* Begin PBXFileReference section */
		50982FD81CCA2F070038AAAB /* Frame.js */ = {isa = PBXFileReference; fileEncoding = 4; lastKnownFileType = sourcecode.javascript; path = Frame.js; sourceTree = "<group>"; };
		50982FDA1CCA41BD0038AAAB /* Calculate.js */ = {isa = PBXFileReference; fileEncoding = 4; lastKnownFileType = sourcecode.javascript; path = Calculate.js; sourceTree = "<group>"; };
		50982FDB1CCA41BD0038AAAB /* RelativeEnum.js */ = {isa = PBXFileReference; fileEncoding = 4; lastKnownFileType = sourcecode.javascript; path = RelativeEnum.js; sourceTree = "<group>"; };
		50B4A86B1CB93AB10045A383 /* SNJSBridge.app */ = {isa = PBXFileReference; explicitFileType = wrapper.application; includeInIndex = 0; path = SNJSBridge.app; sourceTree = BUILT_PRODUCTS_DIR; };
		50B4A86F1CB93AB10045A383 /* main.m */ = {isa = PBXFileReference; lastKnownFileType = sourcecode.c.objc; path = main.m; sourceTree = "<group>"; };
		50B4A8711CB93AB10045A383 /* AppDelegate.h */ = {isa = PBXFileReference; lastKnownFileType = sourcecode.c.h; path = AppDelegate.h; sourceTree = "<group>"; };
		50B4A8721CB93AB10045A383 /* AppDelegate.m */ = {isa = PBXFileReference; lastKnownFileType = sourcecode.c.objc; path = AppDelegate.m; sourceTree = "<group>"; };
		50B4A8741CB93AB10045A383 /* ViewController.h */ = {isa = PBXFileReference; lastKnownFileType = sourcecode.c.h; path = ViewController.h; sourceTree = "<group>"; };
		50B4A8751CB93AB10045A383 /* ViewController.m */ = {isa = PBXFileReference; lastKnownFileType = sourcecode.c.objc; path = ViewController.m; sourceTree = "<group>"; };
		50B4A8781CB93AB10045A383 /* Base */ = {isa = PBXFileReference; lastKnownFileType = file.storyboard; name = Base; path = Base.lproj/Main.storyboard; sourceTree = "<group>"; };
		50B4A87A1CB93AB10045A383 /* Assets.xcassets */ = {isa = PBXFileReference; lastKnownFileType = folder.assetcatalog; path = Assets.xcassets; sourceTree = "<group>"; };
		50B4A87D1CB93AB10045A383 /* Base */ = {isa = PBXFileReference; lastKnownFileType = file.storyboard; name = Base; path = Base.lproj/LaunchScreen.storyboard; sourceTree = "<group>"; };
		50B4A87F1CB93AB10045A383 /* Info.plist */ = {isa = PBXFileReference; lastKnownFileType = text.plist.xml; path = Info.plist; sourceTree = "<group>"; };
		50B4A8851CB93AD60045A383 /* SNJSBridge.h */ = {isa = PBXFileReference; fileEncoding = 4; lastKnownFileType = sourcecode.c.h; path = SNJSBridge.h; sourceTree = "<group>"; };
		50B4A8861CB93AD60045A383 /* SNJSBridge.m */ = {isa = PBXFileReference; fileEncoding = 4; lastKnownFileType = sourcecode.c.objc; path = SNJSBridge.m; sourceTree = "<group>"; };
		50B4A88A1CB960F60045A383 /* SNJSFileManager.h */ = {isa = PBXFileReference; fileEncoding = 4; lastKnownFileType = sourcecode.c.h; path = SNJSFileManager.h; sourceTree = "<group>"; };
		50B4A88B1CB960F60045A383 /* SNJSFileManager.m */ = {isa = PBXFileReference; fileEncoding = 4; lastKnownFileType = sourcecode.c.objc; path = SNJSFileManager.m; sourceTree = "<group>"; };
		50DDB47B1CBB42AC005AE264 /* SNJSFiller.h */ = {isa = PBXFileReference; fileEncoding = 4; lastKnownFileType = sourcecode.c.h; path = SNJSFiller.h; sourceTree = "<group>"; };
		50DDB47C1CBB42AC005AE264 /* SNJSFiller.m */ = {isa = PBXFileReference; fileEncoding = 4; lastKnownFileType = sourcecode.c.objc; path = SNJSFiller.m; sourceTree = "<group>"; };
		50DDB47E1CBB4558005AE264 /* SNJSCommonFiller.h */ = {isa = PBXFileReference; fileEncoding = 4; lastKnownFileType = sourcecode.c.h; path = SNJSCommonFiller.h; sourceTree = "<group>"; };
		50DDB47F1CBB4558005AE264 /* SNJSCommonFiller.m */ = {isa = PBXFileReference; fileEncoding = 4; lastKnownFileType = sourcecode.c.objc; path = SNJSCommonFiller.m; sourceTree = "<group>"; };
		50DDB4811CBB488B005AE264 /* SNJSBridgePool.h */ = {isa = PBXFileReference; fileEncoding = 4; lastKnownFileType = sourcecode.c.h; path = SNJSBridgePool.h; sourceTree = "<group>"; };
		50DDB4821CBB488B005AE264 /* SNJSBridgePool.m */ = {isa = PBXFileReference; fileEncoding = 4; lastKnownFileType = sourcecode.c.objc; path = SNJSBridgePool.m; sourceTree = "<group>"; };
		50DDB4841CBB48CF005AE264 /* SNJSCoreFiller.h */ = {isa = PBXFileReference; fileEncoding = 4; lastKnownFileType = sourcecode.c.h; path = SNJSCoreFiller.h; sourceTree = "<group>"; };
		50DDB4851CBB48CF005AE264 /* SNJSCoreFiller.m */ = {isa = PBXFileReference; fileEncoding = 4; lastKnownFileType = sourcecode.c.objc; path = SNJSCoreFiller.m; sourceTree = "<group>"; };
/* End PBXFileReference section */

/* Begin PBXFrameworksBuildPhase section */
		50B4A8681CB93AB10045A383 /* Frameworks */ = {
			isa = PBXFrameworksBuildPhase;
			buildActionMask = 2147483647;
			files = (
			);
			runOnlyForDeploymentPostprocessing = 0;
		};
/* End PBXFrameworksBuildPhase section */

/* Begin PBXGroup section */
		50982FD71CCA2F070038AAAB /* FrameCal */ = {
			isa = PBXGroup;
			children = (
				50982FDA1CCA41BD0038AAAB /* Calculate.js */,
				50982FDB1CCA41BD0038AAAB /* RelativeEnum.js */,
				50982FD81CCA2F070038AAAB /* Frame.js */,
			);
			path = FrameCal;
			sourceTree = "<group>";
		};
		50B4A8621CB93AB10045A383 = {
			isa = PBXGroup;
			children = (
				50982FD71CCA2F070038AAAB /* FrameCal */,
				50B4A86D1CB93AB10045A383 /* SNJSBridge */,
				50B4A86C1CB93AB10045A383 /* Products */,
			);
			sourceTree = "<group>";
		};
		50B4A86C1CB93AB10045A383 /* Products */ = {
			isa = PBXGroup;
			children = (
				50B4A86B1CB93AB10045A383 /* SNJSBridge.app */,
			);
			name = Products;
			sourceTree = "<group>";
		};
		50B4A86D1CB93AB10045A383 /* SNJSBridge */ = {
			isa = PBXGroup;
			children = (
				50B4A8711CB93AB10045A383 /* AppDelegate.h */,
				50B4A8721CB93AB10045A383 /* AppDelegate.m */,
				50B4A8741CB93AB10045A383 /* ViewController.h */,
				50B4A8751CB93AB10045A383 /* ViewController.m */,
				50B4A8771CB93AB10045A383 /* Main.storyboard */,
				50B4A87A1CB93AB10045A383 /* Assets.xcassets */,
				50B4A87C1CB93AB10045A383 /* LaunchScreen.storyboard */,
				50B4A87F1CB93AB10045A383 /* Info.plist */,
				50B4A86E1CB93AB10045A383 /* Supporting Files */,
				50B4A8851CB93AD60045A383 /* SNJSBridge.h */,
				50B4A8861CB93AD60045A383 /* SNJSBridge.m */,
				50B4A88A1CB960F60045A383 /* SNJSFileManager.h */,
				50B4A88B1CB960F60045A383 /* SNJSFileManager.m */,
				50DDB47B1CBB42AC005AE264 /* SNJSFiller.h */,
				50DDB47C1CBB42AC005AE264 /* SNJSFiller.m */,
				50DDB47E1CBB4558005AE264 /* SNJSCommonFiller.h */,
				50DDB47F1CBB4558005AE264 /* SNJSCommonFiller.m */,
				50DDB4841CBB48CF005AE264 /* SNJSCoreFiller.h */,
				50DDB4851CBB48CF005AE264 /* SNJSCoreFiller.m */,
				50DDB4811CBB488B005AE264 /* SNJSBridgePool.h */,
				50DDB4821CBB488B005AE264 /* SNJSBridgePool.m */,
			);
			path = SNJSBridge;
			sourceTree = "<group>";
		};
		50B4A86E1CB93AB10045A383 /* Supporting Files */ = {
			isa = PBXGroup;
			children = (
				50B4A86F1CB93AB10045A383 /* main.m */,
			);
			name = "Supporting Files";
			sourceTree = "<group>";
		};
/* End PBXGroup section */

/* Begin PBXNativeTarget section */
		50B4A86A1CB93AB10045A383 /* SNJSBridge */ = {
			isa = PBXNativeTarget;
			buildConfigurationList = 50B4A8821CB93AB10045A383 /* Build configuration list for PBXNativeTarget "SNJSBridge" */;
			buildPhases = (
				50B4A8671CB93AB10045A383 /* Sources */,
				50B4A8681CB93AB10045A383 /* Frameworks */,
				50B4A8691CB93AB10045A383 /* Resources */,
			);
			buildRules = (
			);
			dependencies = (
			);
			name = SNJSBridge;
			productName = SNJSBridge;
			productReference = 50B4A86B1CB93AB10045A383 /* SNJSBridge.app */;
			productType = "com.apple.product-type.application";
		};
/* End PBXNativeTarget section */

/* Begin PBXProject section */
		50B4A8631CB93AB10045A383 /* Project object */ = {
			isa = PBXProject;
			attributes = {
				LastUpgradeCheck = 0730;
				ORGANIZATIONNAME = Max;
				TargetAttributes = {
					50B4A86A1CB93AB10045A383 = {
						CreatedOnToolsVersion = 7.3;
					};
				};
			};
			buildConfigurationList = 50B4A8661CB93AB10045A383 /* Build configuration list for PBXProject "SNJSBridge" */;
			compatibilityVersion = "Xcode 3.2";
			developmentRegion = English;
			hasScannedForEncodings = 0;
			knownRegions = (
				en,
				Base,
			);
			mainGroup = 50B4A8621CB93AB10045A383;
			productRefGroup = 50B4A86C1CB93AB10045A383 /* Products */;
			projectDirPath = "";
			projectRoot = "";
			targets = (
				50B4A86A1CB93AB10045A383 /* SNJSBridge */,
			);
		};
/* End PBXProject section */

/* Begin PBXResourcesBuildPhase section */
		50B4A8691CB93AB10045A383 /* Resources */ = {
			isa = PBXResourcesBuildPhase;
			buildActionMask = 2147483647;
			files = (
				50B4A87E1CB93AB10045A383 /* LaunchScreen.storyboard in Resources */,
				50982FDD1CCA41BD0038AAAB /* RelativeEnum.js in Resources */,
				50982FDC1CCA41BD0038AAAB /* Calculate.js in Resources */,
				50982FD91CCA2F070038AAAB /* Frame.js in Resources */,
				50B4A87B1CB93AB10045A383 /* Assets.xcassets in Resources */,
				50B4A8791CB93AB10045A383 /* Main.storyboard in Resources */,
			);
			runOnlyForDeploymentPostprocessing = 0;
		};
/* End PBXResourcesBuildPhase section */

/* Begin PBXSourcesBuildPhase section */
		50B4A8671CB93AB10045A383 /* Sources */ = {
			isa = PBXSourcesBuildPhase;
			buildActionMask = 2147483647;
			files = (
				50DDB4831CBB488B005AE264 /* SNJSBridgePool.m in Sources */,
				50B4A88C1CB960F60045A383 /* SNJSFileManager.m in Sources */,
				50DDB4801CBB4558005AE264 /* SNJSCommonFiller.m in Sources */,
				50DDB47D1CBB42AC005AE264 /* SNJSFiller.m in Sources */,
				50B4A8761CB93AB10045A383 /* ViewController.m in Sources */,
				50DDB4861CBB48CF005AE264 /* SNJSCoreFiller.m in Sources */,
				50B4A8731CB93AB10045A383 /* AppDelegate.m in Sources */,
				50B4A8871CB93AD60045A383 /* SNJSBridge.m in Sources */,
				50B4A8701CB93AB10045A383 /* main.m in Sources */,
			);
			runOnlyForDeploymentPostprocessing = 0;
		};
/* End PBXSourcesBuildPhase section */

/* Begin PBXVariantGroup section */
		50B4A8771CB93AB10045A383 /* Main.storyboard */ = {
			isa = PBXVariantGroup;
			children = (
				50B4A8781CB93AB10045A383 /* Base */,
			);
			name = Main.storyboard;
			sourceTree = "<group>";
		};
		50B4A87C1CB93AB10045A383 /* LaunchScreen.storyboard */ = {
			isa = PBXVariantGroup;
			children = (
				50B4A87D1CB93AB10045A383 /* Base */,
			);
			name = LaunchScreen.storyboard;
			sourceTree = "<group>";
		};
/* End PBXVariantGroup section */

/* Begin XCBuildConfiguration section */
		50B4A8801CB93AB10045A383 /* Debug */ = {
			isa = XCBuildConfiguration;
			buildSettings = {
				ALWAYS_SEARCH_USER_PATHS = NO;
				CLANG_ANALYZER_NONNULL = YES;
				CLANG_CXX_LANGUAGE_STANDARD = "gnu++0x";
				CLANG_CXX_LIBRARY = "libc++";
				CLANG_ENABLE_MODULES = YES;
				CLANG_ENABLE_OBJC_ARC = YES;
				CLANG_WARN_BOOL_CONVERSION = YES;
				CLANG_WARN_CONSTANT_CONVERSION = YES;
				CLANG_WARN_DIRECT_OBJC_ISA_USAGE = YES_ERROR;
				CLANG_WARN_EMPTY_BODY = YES;
				CLANG_WARN_ENUM_CONVERSION = YES;
				CLANG_WARN_INT_CONVERSION = YES;
				CLANG_WARN_OBJC_ROOT_CLASS = YES_ERROR;
				CLANG_WARN_UNREACHABLE_CODE = YES;
				CLANG_WARN__DUPLICATE_METHOD_MATCH = YES;
				"CODE_SIGN_IDENTITY[sdk=iphoneos*]" = "iPhone Developer";
				COPY_PHASE_STRIP = NO;
				DEBUG_INFORMATION_FORMAT = dwarf;
				ENABLE_STRICT_OBJC_MSGSEND = YES;
				ENABLE_TESTABILITY = YES;
				GCC_C_LANGUAGE_STANDARD = gnu99;
				GCC_DYNAMIC_NO_PIC = NO;
				GCC_NO_COMMON_BLOCKS = YES;
				GCC_OPTIMIZATION_LEVEL = 0;
				GCC_PREPROCESSOR_DEFINITIONS = (
					"DEBUG=1",
					"$(inherited)",
				);
				GCC_WARN_64_TO_32_BIT_CONVERSION = YES;
				GCC_WARN_ABOUT_RETURN_TYPE = YES_ERROR;
				GCC_WARN_UNDECLARED_SELECTOR = YES;
				GCC_WARN_UNINITIALIZED_AUTOS = YES_AGGRESSIVE;
				GCC_WARN_UNUSED_FUNCTION = YES;
				GCC_WARN_UNUSED_VARIABLE = YES;
				IPHONEOS_DEPLOYMENT_TARGET = 9.3;
				MTL_ENABLE_DEBUG_INFO = YES;
				ONLY_ACTIVE_ARCH = YES;
				SDKROOT = iphoneos;
			};
			name = Debug;
		};
		50B4A8811CB93AB10045A383 /* Release */ = {
			isa = XCBuildConfiguration;
			buildSettings = {
				ALWAYS_SEARCH_USER_PATHS = NO;
				CLANG_ANALYZER_NONNULL = YES;
				CLANG_CXX_LANGUAGE_STANDARD = "gnu++0x";
				CLANG_CXX_LIBRARY = "libc++";
				CLANG_ENABLE_MODULES = YES;
				CLANG_ENABLE_OBJC_ARC = YES;
				CLANG_WARN_BOOL_CONVERSION = YES;
				CLANG_WARN_CONSTANT_CONVERSION = YES;
				CLANG_WARN_DIRECT_OBJC_ISA_USAGE = YES_ERROR;
				CLANG_WARN_EMPTY_BODY = YES;
				CLANG_WARN_ENUM_CONVERSION = YES;
				CLANG_WARN_INT_CONVERSION = YES;
				CLANG_WARN_OBJC_ROOT_CLASS = YES_ERROR;
				CLANG_WARN_UNREACHABLE_CODE = YES;
				CLANG_WARN__DUPLICATE_METHOD_MATCH = YES;
				"CODE_SIGN_IDENTITY[sdk=iphoneos*]" = "iPhone Developer";
				COPY_PHASE_STRIP = NO;
				DEBUG_INFORMATION_FORMAT = "dwarf-with-dsym";
				ENABLE_NS_ASSERTIONS = NO;
				ENABLE_STRICT_OBJC_MSGSEND = YES;
				GCC_C_LANGUAGE_STANDARD = gnu99;
				GCC_NO_COMMON_BLOCKS = YES;
				GCC_WARN_64_TO_32_BIT_CONVERSION = YES;
				GCC_WARN_ABOUT_RETURN_TYPE = YES_ERROR;
				GCC_WARN_UNDECLARED_SELECTOR = YES;
				GCC_WARN_UNINITIALIZED_AUTOS = YES_AGGRESSIVE;
				GCC_WARN_UNUSED_FUNCTION = YES;
				GCC_WARN_UNUSED_VARIABLE = YES;
				IPHONEOS_DEPLOYMENT_TARGET = 9.3;
				MTL_ENABLE_DEBUG_INFO = NO;
				SDKROOT = iphoneos;
				VALIDATE_PRODUCT = YES;
			};
			name = Release;
		};
		50B4A8831CB93AB10045A383 /* Debug */ = {
			isa = XCBuildConfiguration;
			buildSettings = {
				ASSETCATALOG_COMPILER_APPICON_NAME = AppIcon;
				INFOPLIST_FILE = SNJSBridge/Info.plist;
				LD_RUNPATH_SEARCH_PATHS = "$(inherited) @executable_path/Frameworks";
				PRODUCT_BUNDLE_IDENTIFIER = Max.SNJSBridge;
				PRODUCT_NAME = "$(TARGET_NAME)";
			};
			name = Debug;
		};
		50B4A8841CB93AB10045A383 /* Release */ = {
			isa = XCBuildConfiguration;
			buildSettings = {
				ASSETCATALOG_COMPILER_APPICON_NAME = AppIcon;
				INFOPLIST_FILE = SNJSBridge/Info.plist;
				LD_RUNPATH_SEARCH_PATHS = "$(inherited) @executable_path/Frameworks";
				PRODUCT_BUNDLE_IDENTIFIER = Max.SNJSBridge;
				PRODUCT_NAME = "$(TARGET_NAME)";
			};
			name = Release;
		};
/* End XCBuildConfiguration section */

/* Begin XCConfigurationList section */
		50B4A8661CB93AB10045A383 /* Build configuration list for PBXProject "SNJSBridge" */ = {
			isa = XCConfigurationList;
			buildConfigurations = (
				50B4A8801CB93AB10045A383 /* Debug */,
				50B4A8811CB93AB10045A383 /* Release */,
			);
			defaultConfigurationIsVisible = 0;
			defaultConfigurationName = Release;
		};
		50B4A8821CB93AB10045A383 /* Build configuration list for PBXNativeTarget "SNJSBridge" */ = {
			isa = XCConfigurationList;
			buildConfigurations = (
				50B4A8831CB93AB10045A383 /* Debug */,
				50B4A8841CB93AB10045A383 /* Release */,
			);
			defaultConfigurationIsVisible = 0;
			defaultConfigurationName = Release;
		};
/* End XCConfigurationList section */
	};
	rootObject = 50B4A8631CB93AB10045A383 /* Project object */;
}
